{
  "pins" : [
    {
      "identity" : "keyboardkit",
      "kind" : "remoteSourceControl",
      "location" : "https://github.com/danielsaidi/KeyboardKit.git",
      "state" : {
        "revision" : "c936cdf07cf46356e641765ee6d7684face9080f",
        "version" : "5.4.1"
      }
    },
    {
      "identity" : "swiftuikit",
      "kind" : "remoteSourceControl",
      "location" : "https://github.com/danielsaidi/SwiftUIKit",
      "state" : {
        "revision" : "ada89fe6b3bf8bed5bcd0a2d2df0f3e3b34cf4d0",
        "version" : "2.3.0"
      }
    }
  ],
  "version" : 2
}
